
Microsoft Visual Studio Solution File, Format Version 12.00
# Visual Studio Version 17
VisualStudioVersion = 17.0.31903.59
MinimumVisualStudioVersion = 10.0.40219.1
Project("{2150E333-8FDC-42A3-9474-1A3956D46DE8}") = "src", "src", "{827E0CD3-B72D-47B6-A68D-7590B98EB39B}"
EndProject
Project("{FAE04EC0-301F-11D3-BF4B-00C04F79EFBC}") = "Ready.Domain", "src\Ready.Domain\Ready.Domain.csproj", "{ECEECDBF-3A8F-4E17-A036-8742C8AED97B}"
EndProject
Project("{FAE04EC0-301F-11D3-BF4B-00C04F79EFBC}") = "Ready.Application", "src\Ready.Application\Ready.Application.csproj", "{7EACEEAF-0AAA-40C6-AC41-171127AA7427}"
EndProject
Project("{FAE04EC0-301F-11D3-BF4B-00C04F79EFBC}") = "Ready.Infrastructure", "src\Ready.Infrastructure\Ready.Infrastructure.csproj", "{5F6891D5-9119-44AC-8457-7D1213230FC9}"
EndProject
Project("{FAE04EC0-301F-11D3-BF4B-00C04F79EFBC}") = "Ready.Api", "src\Ready.Api\Ready.Api.csproj", "{6406221B-85A0-46A2-B949-D5D6767026F0}"
EndProject
Project("{FAE04EC0-301F-11D3-BF4B-00C04F79EFBC}") = "Ready.Worker", "src\Ready.Worker\Ready.Worker.csproj", "{5411C85B-BF45-4478-AD11-DC6A3A4E12C2}"
EndProject
Project("{2150E333-8FDC-42A3-9474-1A3956D46DE8}") = "tests", "tests", "{0AB3BF05-4346-4AA6-1389-037BE0695223}"
EndProject
Project("{FAE04EC0-301F-11D3-BF4B-00C04F79EFBC}") = "Ready.UnitTests", "tests\Ready.UnitTests\Ready.UnitTests.csproj", "{98DF04CD-D6E5-4729-8DB6-912594DAF016}"
EndProject
Project("{FAE04EC0-301F-11D3-BF4B-00C04F79EFBC}") = "Ready.IntegrationTests", "tests\Ready.IntegrationTests\Ready.IntegrationTests.csproj", "{3C9EA078-1CEB-405A-B1AA-6FF79E700747}"
EndProject
Global
	GlobalSection(SolutionConfigurationPlatforms) = preSolution
		Debug|Any CPU = Debug|Any CPU
		Debug|x64 = Debug|x64
		Debug|x86 = Debug|x86
		Release|Any CPU = Release|Any CPU
		Release|x64 = Release|x64
		Release|x86 = Release|x86
	EndGlobalSection
	GlobalSection(ProjectConfigurationPlatforms) = postSolution
		{ECEECDBF-3A8F-4E17-A036-8742C8AED97B}.Debug|Any CPU.ActiveCfg = Debug|Any CPU
		{ECEECDBF-3A8F-4E17-A036-8742C8AED97B}.Debug|Any CPU.Build.0 = Debug|Any CPU
		{ECEECDBF-3A8F-4E17-A036-8742C8AED97B}.Debug|x64.ActiveCfg = Debug|Any CPU
		{ECEECDBF-3A8F-4E17-A036-8742C8AED97B}.Debug|x64.Build.0 = Debug|Any CPU
		{ECEECDBF-3A8F-4E17-A036-8742C8AED97B}.Debug|x86.ActiveCfg = Debug|Any CPU
		{ECEECDBF-3A8F-4E17-A036-8742C8AED97B}.Debug|x86.Build.0 = Debug|Any CPU
		{ECEECDBF-3A8F-4E17-A036-8742C8AED97B}.Release|Any CPU.ActiveCfg = Release|Any CPU
		{ECEECDBF-3A8F-4E17-A036-8742C8AED97B}.Release|Any CPU.Build.0 = Release|Any CPU
		{ECEECDBF-3A8F-4E17-A036-8742C8AED97B}.Release|x64.ActiveCfg = Release|Any CPU
		{ECEECDBF-3A8F-4E17-A036-8742C8AED97B}.Release|x64.Build.0 = Release|Any CPU
		{ECEECDBF-3A8F-4E17-A036-8742C8AED97B}.Release|x86.ActiveCfg = Release|Any CPU
		{ECEECDBF-3A8F-4E17-A036-8742C8AED97B}.Release|x86.Build.0 = Release|Any CPU
		{7EACEEAF-0AAA-40C6-AC41-171127AA7427}.Debug|Any CPU.ActiveCfg = Debug|Any CPU
		{7EACEEAF-0AAA-40C6-AC41-171127AA7427}.Debug|Any CPU.Build.0 = Debug|Any CPU
		{7EACEEAF-0AAA-40C6-AC41-171127AA7427}.Debug|x64.ActiveCfg = Debug|Any CPU
		{7EACEEAF-0AAA-40C6-AC41-171127AA7427}.Debug|x64.Build.0 = Debug|Any CPU
		{7EACEEAF-0AAA-40C6-AC41-171127AA7427}.Debug|x86.ActiveCfg = Debug|Any CPU
		{7EACEEAF-0AAA-40C6-AC41-171127AA7427}.Debug|x86.Build.0 = Debug|Any CPU
		{7EACEEAF-0AAA-40C6-AC41-171127AA7427}.Release|Any CPU.ActiveCfg = Release|Any CPU
		{7EACEEAF-0AAA-40C6-AC41-171127AA7427}.Release|Any CPU.Build.0 = Release|Any CPU
		{7EACEEAF-0AAA-40C6-AC41-171127AA7427}.Release|x64.ActiveCfg = Release|Any CPU
		{7EACEEAF-0AAA-40C6-AC41-171127AA7427}.Release|x64.Build.0 = Release|Any CPU
		{7EACEEAF-0AAA-40C6-AC41-171127AA7427}.Release|x86.ActiveCfg = Release|Any CPU
		{7EACEEAF-0AAA-40C6-AC41-171127AA7427}.Release|x86.Build.0 = Release|Any CPU
		{5F6891D5-9119-44AC-8457-7D1213230FC9}.Debug|Any CPU.ActiveCfg = Debug|Any CPU
		{5F6891D5-9119-44AC-8457-7D1213230FC9}.Debug|Any CPU.Build.0 = Debug|Any CPU
		{5F6891D5-9119-44AC-8457-7D1213230FC9}.Debug|x64.ActiveCfg = Debug|Any CPU
		{5F6891D5-9119-44AC-8457-7D1213230FC9}.Debug|x64.Build.0 = Debug|Any CPU
		{5F6891D5-9119-44AC-8457-7D1213230FC9}.Debug|x86.ActiveCfg = Debug|Any CPU
		{5F6891D5-9119-44AC-8457-7D1213230FC9}.Debug|x86.Build.0 = Debug|Any CPU
		{5F6891D5-9119-44AC-8457-7D1213230FC9}.Release|Any CPU.ActiveCfg = Release|Any CPU
		{5F6891D5-9119-44AC-8457-7D1213230FC9}.Release|Any CPU.Build.0 = Release|Any CPU
		{5F6891D5-9119-44AC-8457-7D1213230FC9}.Release|x64.ActiveCfg = Release|Any CPU
		{5F6891D5-9119-44AC-8457-7D1213230FC9}.Release|x64.Build.0 = Release|Any CPU
		{5F6891D5-9119-44AC-8457-7D1213230FC9}.Release|x86.ActiveCfg = Release|Any CPU
		{5F6891D5-9119-44AC-8457-7D1213230FC9}.Release|x86.Build.0 = Release|Any CPU
		{6406221B-85A0-46A2-B949-D5D6767026F0}.Debug|Any CPU.ActiveCfg = Debug|Any CPU
		{6406221B-85A0-46A2-B949-D5D6767026F0}.Debug|Any CPU.Build.0 = Debug|Any CPU
		{6406221B-85A0-46A2-B949-D5D6767026F0}.Debug|x64.ActiveCfg = Debug|Any CPU
		{6406221B-85A0-46A2-B949-D5D6767026F0}.Debug|x64.Build.0 = Debug|Any CPU
		{6406221B-85A0-46A2-B949-D5D6767026F0}.Debug|x86.ActiveCfg = Debug|Any CPU
		{6406221B-85A0-46A2-B949-D5D6767026F0}.Debug|x86.Build.0 = Debug|Any CPU
		{6406221B-85A0-46A2-B949-D5D6767026F0}.Release|Any CPU.ActiveCfg = Release|Any CPU
		{6406221B-85A0-46A2-B949-D5D6767026F0}.Release|Any CPU.Build.0 = Release|Any CPU
		{6406221B-85A0-46A2-B949-D5D6767026F0}.Release|x64.ActiveCfg = Release|Any CPU
		{6406221B-85A0-46A2-B949-D5D6767026F0}.Release|x64.Build.0 = Release|Any CPU
		{6406221B-85A0-46A2-B949-D5D6767026F0}.Release|x86.ActiveCfg = Release|Any CPU
		{6406221B-85A0-46A2-B949-D5D6767026F0}.Release|x86.Build.0 = Release|Any CPU
		{5411C85B-BF45-4478-AD11-DC6A3A4E12C2}.Debug|Any CPU.ActiveCfg = Debug|Any CPU
		{5411C85B-BF45-4478-AD11-DC6A3A4E12C2}.Debug|Any CPU.Build.0 = Debug|Any CPU
		{5411C85B-BF45-4478-AD11-DC6A3A4E12C2}.Debug|x64.ActiveCfg = Debug|Any CPU
		{5411C85B-BF45-4478-AD11-DC6A3A4E12C2}.Debug|x64.Build.0 = Debug|Any CPU
		{5411C85B-BF45-4478-AD11-DC6A3A4E12C2}.Debug|x86.ActiveCfg = Debug|Any CPU
		{5411C85B-BF45-4478-AD11-DC6A3A4E12C2}.Debug|x86.Build.0 = Debug|Any CPU
		{5411C85B-BF45-4478-AD11-DC6A3A4E12C2}.Release|Any CPU.ActiveCfg = Release|Any CPU
		{5411C85B-BF45-4478-AD11-DC6A3A4E12C2}.Release|Any CPU.Build.0 = Release|Any CPU
		{5411C85B-BF45-4478-AD11-DC6A3A4E12C2}.Release|x64.ActiveCfg = Release|Any CPU
		{5411C85B-BF45-4478-AD11-DC6A3A4E12C2}.Release|x64.Build.0 = Release|Any CPU
		{5411C85B-BF45-4478-AD11-DC6A3A4E12C2}.Release|x86.ActiveCfg = Release|Any CPU
		{5411C85B-BF45-4478-AD11-DC6A3A4E12C2}.Release|x86.Build.0 = Release|Any CPU
		{98DF04CD-D6E5-4729-8DB6-912594DAF016}.Debug|Any CPU.ActiveCfg = Debug|Any CPU
		{98DF04CD-D6E5-4729-8DB6-912594DAF016}.Debug|Any CPU.Build.0 = Debug|Any CPU
		{98DF04CD-D6E5-4729-8DB6-912594DAF016}.Debug|x64.ActiveCfg = Debug|Any CPU
		{98DF04CD-D6E5-4729-8DB6-912594DAF016}.Debug|x64.Build.0 = Debug|Any CPU
		{98DF04CD-D6E5-4729-8DB6-912594DAF016}.Debug|x86.ActiveCfg = Debug|Any CPU
		{98DF04CD-D6E5-4729-8DB6-912594DAF016}.Debug|x86.Build.0 = Debug|Any CPU
		{98DF04CD-D6E5-4729-8DB6-912594DAF016}.Release|Any CPU.ActiveCfg = Release|Any CPU
		{98DF04CD-D6E5-4729-8DB6-912594DAF016}.Release|Any CPU.Build.0 = Release|Any CPU
		{98DF04CD-D6E5-4729-8DB6-912594DAF016}.Release|x64.ActiveCfg = Release|Any CPU
		{98DF04CD-D6E5-4729-8DB6-912594DAF016}.Release|x64.Build.0 = Release|Any CPU
		{98DF04CD-D6E5-4729-8DB6-912594DAF016}.Release|x86.ActiveCfg = Release|Any CPU
		{98DF04CD-D6E5-4729-8DB6-912594DAF016}.Release|x86.Build.0 = Release|Any CPU
		{3C9EA078-1CEB-405A-B1AA-6FF79E700747}.Debug|Any CPU.ActiveCfg = Debug|Any CPU
		{3C9EA078-1CEB-405A-B1AA-6FF79E700747}.Debug|Any CPU.Build.0 = Debug|Any CPU
		{3C9EA078-1CEB-405A-B1AA-6FF79E700747}.Debug|x64.ActiveCfg = Debug|Any CPU
		{3C9EA078-1CEB-405A-B1AA-6FF79E700747}.Debug|x64.Build.0 = Debug|Any CPU
		{3C9EA078-1CEB-405A-B1AA-6FF79E700747}.Debug|x86.ActiveCfg = Debug|Any CPU
		{3C9EA078-1CEB-405A-B1AA-6FF79E700747}.Debug|x86.Build.0 = Debug|Any CPU
		{3C9EA078-1CEB-405A-B1AA-6FF79E700747}.Release|Any CPU.ActiveCfg = Release|Any CPU
		{3C9EA078-1CEB-405A-B1AA-6FF79E700747}.Release|Any CPU.Build.0 = Release|Any CPU
		{3C9EA078-1CEB-405A-B1AA-6FF79E700747}.Release|x64.ActiveCfg = Release|Any CPU
		{3C9EA078-1CEB-405A-B1AA-6FF79E700747}.Release|x64.Build.0 = Release|Any CPU
		{3C9EA078-1CEB-405A-B1AA-6FF79E700747}.Release|x86.ActiveCfg = Release|Any CPU
		{3C9EA078-1CEB-405A-B1AA-6FF79E700747}.Release|x86.Build.0 = Release|Any CPU
	EndGlobalSection
	GlobalSection(SolutionProperties) = preSolution
		HideSolutionNode = FALSE
	EndGlobalSection
	GlobalSection(NestedProjects) = preSolution
		{ECEECDBF-3A8F-4E17-A036-8742C8AED97B} = {827E0CD3-B72D-47B6-A68D-7590B98EB39B}
		{7EACEEAF-0AAA-40C6-AC41-171127AA7427} = {827E0CD3-B72D-47B6-A68D-7590B98EB39B}
		{5F6891D5-9119-44AC-8457-7D1213230FC9} = {827E0CD3-B72D-47B6-A68D-7590B98EB39B}
		{6406221B-85A0-46A2-B949-D5D6767026F0} = {827E0CD3-B72D-47B6-A68D-7590B98EB39B}
		{5411C85B-BF45-4478-AD11-DC6A3A4E12C2} = {827E0CD3-B72D-47B6-A68D-7590B98EB39B}
		{98DF04CD-D6E5-4729-8DB6-912594DAF016} = {0AB3BF05-4346-4AA6-1389-037BE0695223}
		{3C9EA078-1CEB-405A-B1AA-6FF79E700747} = {0AB3BF05-4346-4AA6-1389-037BE0695223}
	EndGlobalSection
EndGlobal
